
Microsoft Visual Studio Solution File, Format Version 12.00
# Visual Studio Version 17
VisualStudioVersion = 17.9.34321.82
MinimumVisualStudioVersion = 10.0.40219.1
Project("{54A90642-561A-4BB1-A94E-469ADEE60C69}") = "LibraryType", "LibraryType\LibraryType.esproj", "{E24A336A-EDA0-4D3C-8513-ED9909D15F1B}"
EndProject
Global
	GlobalSection(SolutionConfigurationPlatforms) = preSolution
		Debug|Any CPU = Debug|Any CPU
		Release|Any CPU = Release|Any CPU
	EndGlobalSection
	GlobalSection(ProjectConfigurationPlatforms) = postSolution
		{E24A336A-EDA0-4D3C-8513-ED9909D15F1B}.Debug|Any CPU.ActiveCfg = Debug|Any CPU
		{E24A336A-EDA0-4D3C-8513-ED9909D15F1B}.Debug|Any CPU.Build.0 = Debug|Any CPU
		{E24A336A-EDA0-4D3C-8513-ED9909D15F1B}.Debug|Any CPU.Deploy.0 = Debug|Any CPU
		{E24A336A-EDA0-4D3C-8513-ED9909D15F1B}.Release|Any CPU.ActiveCfg = Release|Any CPU
		{E24A336A-EDA0-4D3C-8513-ED9909D15F1B}.Release|Any CPU.Build.0 = Release|Any CPU
		{E24A336A-EDA0-4D3C-8513-ED9909D15F1B}.Release|Any CPU.Deploy.0 = Release|Any CPU
	EndGlobalSection
	GlobalSection(SolutionProperties) = preSolution
		HideSolutionNode = FALSE
	EndGlobalSection
	GlobalSection(ExtensibilityGlobals) = postSolution
		SolutionGuid = {262D530E-FB7C-4BEB-A7A6-3C1B81CAC1AD}
	EndGlobalSection
EndGlobal
